
Microsoft Visual Studio Solution File, Format Version 12.00
# Visual Studio 15
VisualStudioVersion = 15.0.28307.902
MinimumVisualStudioVersion = 10.0.40219.1
Project("{FAE04EC0-301F-11D3-BF4B-00C04F79EFBC}") = "Decorator", "Decorator\Decorator.csproj", "{027C7548-D473-4AEA-B97B-B0C2196BD696}"
EndProject
Project("{FAE04EC0-301F-11D3-BF4B-00C04F79EFBC}") = "Adapter", "Adapter\Adapter.csproj", "{DC5F2FB6-133C-4BE5-A0B1-D89FD69B987F}"
EndProject
Global
	GlobalSection(SolutionConfigurationPlatforms) = preSolution
		Debug|Any CPU = Debug|Any CPU
		Release|Any CPU = Release|Any CPU
	EndGlobalSection
	GlobalSection(ProjectConfigurationPlatforms) = postSolution
		{027C7548-D473-4AEA-B97B-B0C2196BD696}.Debug|Any CPU.ActiveCfg = Debug|Any CPU
		{027C7548-D473-4AEA-B97B-B0C2196BD696}.Debug|Any CPU.Build.0 = Debug|Any CPU
		{027C7548-D473-4AEA-B97B-B0C2196BD696}.Release|Any CPU.ActiveCfg = Release|Any CPU
		{027C7548-D473-4AEA-B97B-B0C2196BD696}.Release|Any CPU.Build.0 = Release|Any CPU
		{DC5F2FB6-133C-4BE5-A0B1-D89FD69B987F}.Debug|Any CPU.ActiveCfg = Debug|Any CPU
		{DC5F2FB6-133C-4BE5-A0B1-D89FD69B987F}.Debug|Any CPU.Build.0 = Debug|Any CPU
		{DC5F2FB6-133C-4BE5-A0B1-D89FD69B987F}.Release|Any CPU.ActiveCfg = Release|Any CPU
		{DC5F2FB6-133C-4BE5-A0B1-D89FD69B987F}.Release|Any CPU.Build.0 = Release|Any CPU
	EndGlobalSection
	GlobalSection(SolutionProperties) = preSolution
		HideSolutionNode = FALSE
	EndGlobalSection
	GlobalSection(ExtensibilityGlobals) = postSolution
		SolutionGuid = {02059CB1-DFAF-46A2-AADA-8C056F3B673F}
	EndGlobalSection
EndGlobal
