
Microsoft Visual Studio Solution File, Format Version 12.00
# Visual Studio Version 16
VisualStudioVersion = 16.0.29613.14
MinimumVisualStudioVersion = 10.0.40219.1
Project("{FAE04EC0-301F-11D3-BF4B-00C04F79EFBC}") = "Decorator", "Decorator\Decorator.csproj", "{027C7548-D473-4AEA-B97B-B0C2196BD696}"
EndProject
Project("{FAE04EC0-301F-11D3-BF4B-00C04F79EFBC}") = "Adapter", "Adapter\Adapter.csproj", "{DC5F2FB6-133C-4BE5-A0B1-D89FD69B987F}"
EndProject
Project("{2150E333-8FDC-42A3-9474-1A3956D46DE8}") = "Structural", "Structural", "{00A2C8D2-8C41-485F-992A-2AA65E63902D}"
EndProject
Project("{FAE04EC0-301F-11D3-BF4B-00C04F79EFBC}") = "Bridge", "Bridge\Bridge.csproj", "{F502C179-7AD5-496D-BB06-C71DBFDBEBC1}"
EndProject
Project("{FAE04EC0-301F-11D3-BF4B-00C04F79EFBC}") = "Composite", "Composite\Composite.csproj", "{1FA08ACB-A5C5-4B1B-8DD4-4C39ECA6E8A0}"
EndProject
Global
	GlobalSection(SolutionConfigurationPlatforms) = preSolution
		Debug|Any CPU = Debug|Any CPU
		Release|Any CPU = Release|Any CPU
	EndGlobalSection
	GlobalSection(ProjectConfigurationPlatforms) = postSolution
		{027C7548-D473-4AEA-B97B-B0C2196BD696}.Debug|Any CPU.ActiveCfg = Debug|Any CPU
		{027C7548-D473-4AEA-B97B-B0C2196BD696}.Debug|Any CPU.Build.0 = Debug|Any CPU
		{027C7548-D473-4AEA-B97B-B0C2196BD696}.Release|Any CPU.ActiveCfg = Release|Any CPU
		{027C7548-D473-4AEA-B97B-B0C2196BD696}.Release|Any CPU.Build.0 = Release|Any CPU
		{DC5F2FB6-133C-4BE5-A0B1-D89FD69B987F}.Debug|Any CPU.ActiveCfg = Debug|Any CPU
		{DC5F2FB6-133C-4BE5-A0B1-D89FD69B987F}.Debug|Any CPU.Build.0 = Debug|Any CPU
		{DC5F2FB6-133C-4BE5-A0B1-D89FD69B987F}.Release|Any CPU.ActiveCfg = Release|Any CPU
		{DC5F2FB6-133C-4BE5-A0B1-D89FD69B987F}.Release|Any CPU.Build.0 = Release|Any CPU
		{F502C179-7AD5-496D-BB06-C71DBFDBEBC1}.Debug|Any CPU.ActiveCfg = Debug|Any CPU
		{F502C179-7AD5-496D-BB06-C71DBFDBEBC1}.Debug|Any CPU.Build.0 = Debug|Any CPU
		{F502C179-7AD5-496D-BB06-C71DBFDBEBC1}.Release|Any CPU.ActiveCfg = Release|Any CPU
		{F502C179-7AD5-496D-BB06-C71DBFDBEBC1}.Release|Any CPU.Build.0 = Release|Any CPU
		{1FA08ACB-A5C5-4B1B-8DD4-4C39ECA6E8A0}.Debug|Any CPU.ActiveCfg = Debug|Any CPU
		{1FA08ACB-A5C5-4B1B-8DD4-4C39ECA6E8A0}.Debug|Any CPU.Build.0 = Debug|Any CPU
		{1FA08ACB-A5C5-4B1B-8DD4-4C39ECA6E8A0}.Release|Any CPU.ActiveCfg = Release|Any CPU
		{1FA08ACB-A5C5-4B1B-8DD4-4C39ECA6E8A0}.Release|Any CPU.Build.0 = Release|Any CPU
	EndGlobalSection
	GlobalSection(SolutionProperties) = preSolution
		HideSolutionNode = FALSE
	EndGlobalSection
	GlobalSection(NestedProjects) = preSolution
		{027C7548-D473-4AEA-B97B-B0C2196BD696} = {00A2C8D2-8C41-485F-992A-2AA65E63902D}
		{DC5F2FB6-133C-4BE5-A0B1-D89FD69B987F} = {00A2C8D2-8C41-485F-992A-2AA65E63902D}
		{F502C179-7AD5-496D-BB06-C71DBFDBEBC1} = {00A2C8D2-8C41-485F-992A-2AA65E63902D}
		{1FA08ACB-A5C5-4B1B-8DD4-4C39ECA6E8A0} = {00A2C8D2-8C41-485F-992A-2AA65E63902D}
	EndGlobalSection
	GlobalSection(ExtensibilityGlobals) = postSolution
		SolutionGuid = {02059CB1-DFAF-46A2-AADA-8C056F3B673F}
	EndGlobalSection
EndGlobal
