
Microsoft Visual Studio Solution File, Format Version 12.00
# Visual Studio 15
VisualStudioVersion = 15.0.28307.902
MinimumVisualStudioVersion = 10.0.40219.1
Project("{FAE04EC0-301F-11D3-BF4B-00C04F79EFBC}") = "Decorator", "Decorator\Decorator.csproj", "{027C7548-D473-4AEA-B97B-B0C2196BD696}"
EndProject
Project("{FAE04EC0-301F-11D3-BF4B-00C04F79EFBC}") = "Adapter", "Adapter\Adapter.csproj", "{DC5F2FB6-133C-4BE5-A0B1-D89FD69B987F}"
EndProject
Project("{2150E333-8FDC-42A3-9474-1A3956D46DE8}") = "Structural", "Structural", "{00A2C8D2-8C41-485F-992A-2AA65E63902D}"
EndProject
Project("{FAE04EC0-301F-11D3-BF4B-00C04F79EFBC}") = "Bridge", "Bridge\Bridge.csproj", "{F502C179-7AD5-496D-BB06-C71DBFDBEBC1}"
EndProject
Project("{FAE04EC0-301F-11D3-BF4B-00C04F79EFBC}") = "Composite", "Composite\Composite.csproj", "{1FA08ACB-A5C5-4B1B-8DD4-4C39ECA6E8A0}"
EndProject
Project("{FAE04EC0-301F-11D3-BF4B-00C04F79EFBC}") = "Facade", "Facade\Facade.csproj", "{434670FA-F1CC-480C-B146-DF872BD5617B}"
EndProject
Project("{FAE04EC0-301F-11D3-BF4B-00C04F79EFBC}") = "Flyweight", "Flyweight\Flyweight.csproj", "{9BD7F8E1-19DE-42C7-A373-528D2479D9B8}"
EndProject
Project("{FAE04EC0-301F-11D3-BF4B-00C04F79EFBC}") = "Proxy", "Proxy\Proxy.csproj", "{C8FE7ABA-17DB-4A9F-9A43-5F386752E867}"
EndProject
Project("{2150E333-8FDC-42A3-9474-1A3956D46DE8}") = "Behavior", "Behavior", "{71BBB805-A355-4ED7-BC94-129B010D8B9B}"
EndProject
Project("{FAE04EC0-301F-11D3-BF4B-00C04F79EFBC}") = "Visitor", "Visitor\Visitor.csproj", "{DD2EAA78-9208-470C-B8C6-49BAFCFFEF7D}"
EndProject
Project("{FAE04EC0-301F-11D3-BF4B-00C04F79EFBC}") = "Memento", "Memento\Memento.csproj", "{686A90BF-C96A-4C27-8149-0D4C23FAF287}"
EndProject
Project("{FAE04EC0-301F-11D3-BF4B-00C04F79EFBC}") = "Mediator", "Mediator\Mediator.csproj", "{22CD2386-E599-4CBD-80C2-2CEB44F638F3}"
EndProject
Project("{FAE04EC0-301F-11D3-BF4B-00C04F79EFBC}") = "Interpreter", "Interpreter\Interpreter.csproj", "{113EAEFE-5532-4FF4-996A-4BB44DFEC32D}"
EndProject
Project("{FAE04EC0-301F-11D3-BF4B-00C04F79EFBC}") = "Chain of Responsibility", "Chain of Responsibility\Chain of Responsibility.csproj", "{10A5C268-32D1-402D-B479-B368A9991D77}"
EndProject
Project("{FAE04EC0-301F-11D3-BF4B-00C04F79EFBC}") = "State", "State\State.csproj", "{3A0E93DE-521F-456A-BE02-AD6CD911BE82}"
EndProject
Global
	GlobalSection(SolutionConfigurationPlatforms) = preSolution
		Debug|Any CPU = Debug|Any CPU
		Release|Any CPU = Release|Any CPU
	EndGlobalSection
	GlobalSection(ProjectConfigurationPlatforms) = postSolution
		{027C7548-D473-4AEA-B97B-B0C2196BD696}.Debug|Any CPU.ActiveCfg = Debug|Any CPU
		{027C7548-D473-4AEA-B97B-B0C2196BD696}.Debug|Any CPU.Build.0 = Debug|Any CPU
		{027C7548-D473-4AEA-B97B-B0C2196BD696}.Release|Any CPU.ActiveCfg = Release|Any CPU
		{027C7548-D473-4AEA-B97B-B0C2196BD696}.Release|Any CPU.Build.0 = Release|Any CPU
		{DC5F2FB6-133C-4BE5-A0B1-D89FD69B987F}.Debug|Any CPU.ActiveCfg = Debug|Any CPU
		{DC5F2FB6-133C-4BE5-A0B1-D89FD69B987F}.Debug|Any CPU.Build.0 = Debug|Any CPU
		{DC5F2FB6-133C-4BE5-A0B1-D89FD69B987F}.Release|Any CPU.ActiveCfg = Release|Any CPU
		{DC5F2FB6-133C-4BE5-A0B1-D89FD69B987F}.Release|Any CPU.Build.0 = Release|Any CPU
		{F502C179-7AD5-496D-BB06-C71DBFDBEBC1}.Debug|Any CPU.ActiveCfg = Debug|Any CPU
		{F502C179-7AD5-496D-BB06-C71DBFDBEBC1}.Debug|Any CPU.Build.0 = Debug|Any CPU
		{F502C179-7AD5-496D-BB06-C71DBFDBEBC1}.Release|Any CPU.ActiveCfg = Release|Any CPU
		{F502C179-7AD5-496D-BB06-C71DBFDBEBC1}.Release|Any CPU.Build.0 = Release|Any CPU
		{1FA08ACB-A5C5-4B1B-8DD4-4C39ECA6E8A0}.Debug|Any CPU.ActiveCfg = Debug|Any CPU
		{1FA08ACB-A5C5-4B1B-8DD4-4C39ECA6E8A0}.Debug|Any CPU.Build.0 = Debug|Any CPU
		{1FA08ACB-A5C5-4B1B-8DD4-4C39ECA6E8A0}.Release|Any CPU.ActiveCfg = Release|Any CPU
		{1FA08ACB-A5C5-4B1B-8DD4-4C39ECA6E8A0}.Release|Any CPU.Build.0 = Release|Any CPU
		{434670FA-F1CC-480C-B146-DF872BD5617B}.Debug|Any CPU.ActiveCfg = Debug|Any CPU
		{434670FA-F1CC-480C-B146-DF872BD5617B}.Debug|Any CPU.Build.0 = Debug|Any CPU
		{434670FA-F1CC-480C-B146-DF872BD5617B}.Release|Any CPU.ActiveCfg = Release|Any CPU
		{434670FA-F1CC-480C-B146-DF872BD5617B}.Release|Any CPU.Build.0 = Release|Any CPU
		{9BD7F8E1-19DE-42C7-A373-528D2479D9B8}.Debug|Any CPU.ActiveCfg = Debug|Any CPU
		{9BD7F8E1-19DE-42C7-A373-528D2479D9B8}.Debug|Any CPU.Build.0 = Debug|Any CPU
		{9BD7F8E1-19DE-42C7-A373-528D2479D9B8}.Release|Any CPU.ActiveCfg = Release|Any CPU
		{9BD7F8E1-19DE-42C7-A373-528D2479D9B8}.Release|Any CPU.Build.0 = Release|Any CPU
		{C8FE7ABA-17DB-4A9F-9A43-5F386752E867}.Debug|Any CPU.ActiveCfg = Debug|Any CPU
		{C8FE7ABA-17DB-4A9F-9A43-5F386752E867}.Debug|Any CPU.Build.0 = Debug|Any CPU
		{C8FE7ABA-17DB-4A9F-9A43-5F386752E867}.Release|Any CPU.ActiveCfg = Release|Any CPU
		{C8FE7ABA-17DB-4A9F-9A43-5F386752E867}.Release|Any CPU.Build.0 = Release|Any CPU
		{DD2EAA78-9208-470C-B8C6-49BAFCFFEF7D}.Debug|Any CPU.ActiveCfg = Debug|Any CPU
		{DD2EAA78-9208-470C-B8C6-49BAFCFFEF7D}.Debug|Any CPU.Build.0 = Debug|Any CPU
		{DD2EAA78-9208-470C-B8C6-49BAFCFFEF7D}.Release|Any CPU.ActiveCfg = Release|Any CPU
		{DD2EAA78-9208-470C-B8C6-49BAFCFFEF7D}.Release|Any CPU.Build.0 = Release|Any CPU
		{686A90BF-C96A-4C27-8149-0D4C23FAF287}.Debug|Any CPU.ActiveCfg = Debug|Any CPU
		{686A90BF-C96A-4C27-8149-0D4C23FAF287}.Debug|Any CPU.Build.0 = Debug|Any CPU
		{686A90BF-C96A-4C27-8149-0D4C23FAF287}.Release|Any CPU.ActiveCfg = Release|Any CPU
		{686A90BF-C96A-4C27-8149-0D4C23FAF287}.Release|Any CPU.Build.0 = Release|Any CPU
		{22CD2386-E599-4CBD-80C2-2CEB44F638F3}.Debug|Any CPU.ActiveCfg = Debug|Any CPU
		{22CD2386-E599-4CBD-80C2-2CEB44F638F3}.Debug|Any CPU.Build.0 = Debug|Any CPU
		{22CD2386-E599-4CBD-80C2-2CEB44F638F3}.Release|Any CPU.ActiveCfg = Release|Any CPU
		{22CD2386-E599-4CBD-80C2-2CEB44F638F3}.Release|Any CPU.Build.0 = Release|Any CPU
		{113EAEFE-5532-4FF4-996A-4BB44DFEC32D}.Debug|Any CPU.ActiveCfg = Debug|Any CPU
		{113EAEFE-5532-4FF4-996A-4BB44DFEC32D}.Debug|Any CPU.Build.0 = Debug|Any CPU
		{113EAEFE-5532-4FF4-996A-4BB44DFEC32D}.Release|Any CPU.ActiveCfg = Release|Any CPU
		{113EAEFE-5532-4FF4-996A-4BB44DFEC32D}.Release|Any CPU.Build.0 = Release|Any CPU
		{10A5C268-32D1-402D-B479-B368A9991D77}.Debug|Any CPU.ActiveCfg = Debug|Any CPU
		{10A5C268-32D1-402D-B479-B368A9991D77}.Debug|Any CPU.Build.0 = Debug|Any CPU
		{10A5C268-32D1-402D-B479-B368A9991D77}.Release|Any CPU.ActiveCfg = Release|Any CPU
		{10A5C268-32D1-402D-B479-B368A9991D77}.Release|Any CPU.Build.0 = Release|Any CPU
		{3A0E93DE-521F-456A-BE02-AD6CD911BE82}.Debug|Any CPU.ActiveCfg = Debug|Any CPU
		{3A0E93DE-521F-456A-BE02-AD6CD911BE82}.Debug|Any CPU.Build.0 = Debug|Any CPU
		{3A0E93DE-521F-456A-BE02-AD6CD911BE82}.Release|Any CPU.ActiveCfg = Release|Any CPU
		{3A0E93DE-521F-456A-BE02-AD6CD911BE82}.Release|Any CPU.Build.0 = Release|Any CPU
	EndGlobalSection
	GlobalSection(SolutionProperties) = preSolution
		HideSolutionNode = FALSE
	EndGlobalSection
	GlobalSection(NestedProjects) = preSolution
		{027C7548-D473-4AEA-B97B-B0C2196BD696} = {00A2C8D2-8C41-485F-992A-2AA65E63902D}
		{DC5F2FB6-133C-4BE5-A0B1-D89FD69B987F} = {00A2C8D2-8C41-485F-992A-2AA65E63902D}
		{F502C179-7AD5-496D-BB06-C71DBFDBEBC1} = {00A2C8D2-8C41-485F-992A-2AA65E63902D}
		{1FA08ACB-A5C5-4B1B-8DD4-4C39ECA6E8A0} = {00A2C8D2-8C41-485F-992A-2AA65E63902D}
		{434670FA-F1CC-480C-B146-DF872BD5617B} = {00A2C8D2-8C41-485F-992A-2AA65E63902D}
		{9BD7F8E1-19DE-42C7-A373-528D2479D9B8} = {00A2C8D2-8C41-485F-992A-2AA65E63902D}
		{C8FE7ABA-17DB-4A9F-9A43-5F386752E867} = {00A2C8D2-8C41-485F-992A-2AA65E63902D}
		{DD2EAA78-9208-470C-B8C6-49BAFCFFEF7D} = {71BBB805-A355-4ED7-BC94-129B010D8B9B}
		{686A90BF-C96A-4C27-8149-0D4C23FAF287} = {71BBB805-A355-4ED7-BC94-129B010D8B9B}
		{22CD2386-E599-4CBD-80C2-2CEB44F638F3} = {71BBB805-A355-4ED7-BC94-129B010D8B9B}
		{113EAEFE-5532-4FF4-996A-4BB44DFEC32D} = {71BBB805-A355-4ED7-BC94-129B010D8B9B}
		{10A5C268-32D1-402D-B479-B368A9991D77} = {71BBB805-A355-4ED7-BC94-129B010D8B9B}
		{3A0E93DE-521F-456A-BE02-AD6CD911BE82} = {71BBB805-A355-4ED7-BC94-129B010D8B9B}
	EndGlobalSection
	GlobalSection(ExtensibilityGlobals) = postSolution
		SolutionGuid = {02059CB1-DFAF-46A2-AADA-8C056F3B673F}
	EndGlobalSection
EndGlobal
